// !$*UTF8*$!
{
	archiveVersion = 1;
	classes = {
	};
	objectVersion = 46;
	objects = {

/* Begin PBXBuildFile section */
		591DBBFC1EB05C720081BE0E /* CheckViewController.swift in Sources */ = {isa = PBXBuildFile; fileRef = 591DBBFB1EB05C720081BE0E /* CheckViewController.swift */; };
		591DBBFE1EB05C880081BE0E /* ResultViewController.swift in Sources */ = {isa = PBXBuildFile; fileRef = 591DBBFD1EB05C880081BE0E /* ResultViewController.swift */; };
		59AE15CE1EAB4D6300E67378 /* AppDelegate.swift in Sources */ = {isa = PBXBuildFile; fileRef = 59AE15CD1EAB4D6300E67378 /* AppDelegate.swift */; };
		59AE15D01EAB4D6300E67378 /* ViewController.swift in Sources */ = {isa = PBXBuildFile; fileRef = 59AE15CF1EAB4D6300E67378 /* ViewController.swift */; };
		59AE15D31EAB4D6300E67378 /* Main.storyboard in Resources */ = {isa = PBXBuildFile; fileRef = 59AE15D11EAB4D6300E67378 /* Main.storyboard */; };
		59AE15D51EAB4D6300E67378 /* Assets.xcassets in Resources */ = {isa = PBXBuildFile; fileRef = 59AE15D41EAB4D6300E67378 /* Assets.xcassets */; };
		59AE15D81EAB4D6300E67378 /* LaunchScreen.storyboard in Resources */ = {isa = PBXBuildFile; fileRef = 59AE15D61EAB4D6300E67378 /* LaunchScreen.storyboard */; };
/* End PBXBuildFile section */

/* Begin PBXFileReference section */
		591DBBFB1EB05C720081BE0E /* CheckViewController.swift */ = {isa = PBXFileReference; fileEncoding = 4; lastKnownFileType = sourcecode.swift; path = CheckViewController.swift; sourceTree = "<group>"; };
		591DBBFD1EB05C880081BE0E /* ResultViewController.swift */ = {isa = PBXFileReference; fileEncoding = 4; lastKnownFileType = sourcecode.swift; path = ResultViewController.swift; sourceTree = "<group>"; };
		59AE15CA1EAB4D6300E67378 /* KatsuzetsuChecker.app */ = {isa = PBXFileReference; explicitFileType = wrapper.application; includeInIndex = 0; path = KatsuzetsuChecker.app; sourceTree = BUILT_PRODUCTS_DIR; };
		59AE15CD1EAB4D6300E67378 /* AppDelegate.swift */ = {isa = PBXFileReference; lastKnownFileType = sourcecode.swift; path = AppDelegate.swift; sourceTree = "<group>"; };
		59AE15CF1EAB4D6300E67378 /* ViewController.swift */ = {isa = PBXFileReference; lastKnownFileType = sourcecode.swift; path = ViewController.swift; sourceTree = "<group>"; };
		59AE15D21EAB4D6300E67378 /* Base */ = {isa = PBXFileReference; lastKnownFileType = file.storyboard; name = Base; path = Base.lproj/Main.storyboard; sourceTree = "<group>"; };
		59AE15D41EAB4D6300E67378 /* Assets.xcassets */ = {isa = PBXFileReference; lastKnownFileType = folder.assetcatalog; path = Assets.xcassets; sourceTree = "<group>"; };
		59AE15D71EAB4D6300E67378 /* Base */ = {isa = PBXFileReference; lastKnownFileType = file.storyboard; name = Base; path = Base.lproj/LaunchScreen.storyboard; sourceTree = "<group>"; };
		59AE15D91EAB4D6300E67378 /* Info.plist */ = {isa = PBXFileReference; lastKnownFileType = text.plist.xml; path = Info.plist; sourceTree = "<group>"; };
/* End PBXFileReference section */

/* Begin PBXFrameworksBuildPhase section */
		59AE15C71EAB4D6300E67378 /* Frameworks */ = {
			isa = PBXFrameworksBuildPhase;
			buildActionMask = 2147483647;
			files = (
			);
			runOnlyForDeploymentPostprocessing = 0;
		};
/* End PBXFrameworksBuildPhase section */

/* Begin PBXGroup section */
		59AE15C11EAB4D6300E67378 = {
			isa = PBXGroup;
			children = (
				59AE15CC1EAB4D6300E67378 /* KatsuzetsuChecker */,
				59AE15CB1EAB4D6300E67378 /* Products */,
			);
			sourceTree = "<group>";
		};
		59AE15CB1EAB4D6300E67378 /* Products */ = {
			isa = PBXGroup;
			children = (
				59AE15CA1EAB4D6300E67378 /* KatsuzetsuChecker.app */,
			);
			name = Products;
			sourceTree = "<group>";
		};
		59AE15CC1EAB4D6300E67378 /* KatsuzetsuChecker */ = {
			isa = PBXGroup;
			children = (
				59AE15CD1EAB4D6300E67378 /* AppDelegate.swift */,
				59AE15CF1EAB4D6300E67378 /* ViewController.swift */,
				59AE15D11EAB4D6300E67378 /* Main.storyboard */,
				591DBBFB1EB05C720081BE0E /* CheckViewController.swift */,
				591DBBFD1EB05C880081BE0E /* ResultViewController.swift */,
				59AE15D41EAB4D6300E67378 /* Assets.xcassets */,
				59AE15D61EAB4D6300E67378 /* LaunchScreen.storyboard */,
				59AE15D91EAB4D6300E67378 /* Info.plist */,
			);
			path = KatsuzetsuChecker;
			sourceTree = "<group>";
		};
/* End PBXGroup section */

/* Begin PBXNativeTarget section */
		59AE15C91EAB4D6300E67378 /* KatsuzetsuChecker */ = {
			isa = PBXNativeTarget;
			buildConfigurationList = 59AE15DC1EAB4D6300E67378 /* Build configuration list for PBXNativeTarget "KatsuzetsuChecker" */;
			buildPhases = (
				59AE15C61EAB4D6300E67378 /* Sources */,
				59AE15C71EAB4D6300E67378 /* Frameworks */,
				59AE15C81EAB4D6300E67378 /* Resources */,
			);
			buildRules = (
			);
			dependencies = (
			);
			name = KatsuzetsuChecker;
			productName = KatsuzetsuChecker;
			productReference = 59AE15CA1EAB4D6300E67378 /* KatsuzetsuChecker.app */;
			productType = "com.apple.product-type.application";
		};
/* End PBXNativeTarget section */

/* Begin PBXProject section */
		59AE15C21EAB4D6300E67378 /* Project object */ = {
			isa = PBXProject;
			attributes = {
				LastSwiftUpdateCheck = 0830;
				LastUpgradeCheck = 0830;
				ORGANIZATIONNAME = None;
				TargetAttributes = {
					59AE15C91EAB4D6300E67378 = {
						CreatedOnToolsVersion = 8.3.2;
						DevelopmentTeam = 72UU55A8N3;
						ProvisioningStyle = Automatic;
					};
				};
			};
			buildConfigurationList = 59AE15C51EAB4D6300E67378 /* Build configuration list for PBXProject "KatsuzetsuChecker" */;
			compatibilityVersion = "Xcode 3.2";
			developmentRegion = English;
			hasScannedForEncodings = 0;
			knownRegions = (
				en,
				Base,
			);
			mainGroup = 59AE15C11EAB4D6300E67378;
			productRefGroup = 59AE15CB1EAB4D6300E67378 /* Products */;
			projectDirPath = "";
			projectRoot = "";
			targets = (
				59AE15C91EAB4D6300E67378 /* KatsuzetsuChecker */,
			);
		};
/* End PBXProject section */

/* Begin PBXResourcesBuildPhase section */
		59AE15C81EAB4D6300E67378 /* Resources */ = {
			isa = PBXResourcesBuildPhase;
			buildActionMask = 2147483647;
			files = (
				59AE15D81EAB4D6300E67378 /* LaunchScreen.storyboard in Resources */,
				59AE15D51EAB4D6300E67378 /* Assets.xcassets in Resources */,
				59AE15D31EAB4D6300E67378 /* Main.storyboard in Resources */,
			);
			runOnlyForDeploymentPostprocessing = 0;
		};
/* End PBXResourcesBuildPhase section */

/* Begin PBXSourcesBuildPhase section */
		59AE15C61EAB4D6300E67378 /* Sources */ = {
			isa = PBXSourcesBuildPhase;
			buildActionMask = 2147483647;
			files = (
				591DBBFC1EB05C720081BE0E /* CheckViewController.swift in Sources */,
				59AE15D01EAB4D6300E67378 /* ViewController.swift in Sources */,
				59AE15CE1EAB4D6300E67378 /* AppDelegate.swift in Sources */,
				591DBBFE1EB05C880081BE0E /* ResultViewController.swift in Sources */,
			);
			runOnlyForDeploymentPostprocessing = 0;
		};
/* End PBXSourcesBuildPhase section */

/* Begin PBXVariantGroup section */
		59AE15D11EAB4D6300E67378 /* Main.storyboard */ = {
			isa = PBXVariantGroup;
			children = (
				59AE15D21EAB4D6300E67378 /* Base */,
			);
			name = Main.storyboard;
			sourceTree = "<group>";
		};
		59AE15D61EAB4D6300E67378 /* LaunchScreen.storyboard */ = {
			isa = PBXVariantGroup;
			children = (
				59AE15D71EAB4D6300E67378 /* Base */,
			);
			name = LaunchScreen.storyboard;
			sourceTree = "<group>";
		};
/* End PBXVariantGroup section */

/* Begin XCBuildConfiguration section */
		59AE15DA1EAB4D6300E67378 /* Debug */ = {
			isa = XCBuildConfiguration;
			buildSettings = {
				ALWAYS_SEARCH_USER_PATHS = NO;
				CLANG_ANALYZER_NONNULL = YES;
				CLANG_ANALYZER_NUMBER_OBJECT_CONVERSION = YES_AGGRESSIVE;
				CLANG_CXX_LANGUAGE_STANDARD = "gnu++0x";
				CLANG_CXX_LIBRARY = "libc++";
				CLANG_ENABLE_MODULES = YES;
				CLANG_ENABLE_OBJC_ARC = YES;
				CLANG_WARN_BOOL_CONVERSION = YES;
				CLANG_WARN_CONSTANT_CONVERSION = YES;
				CLANG_WARN_DIRECT_OBJC_ISA_USAGE = YES_ERROR;
				CLANG_WARN_DOCUMENTATION_COMMENTS = YES;
				CLANG_WARN_EMPTY_BODY = YES;
				CLANG_WARN_ENUM_CONVERSION = YES;
				CLANG_WARN_INFINITE_RECURSION = YES;
				CLANG_WARN_INT_CONVERSION = YES;
				CLANG_WARN_OBJC_ROOT_CLASS = YES_ERROR;
				CLANG_WARN_SUSPICIOUS_MOVE = YES;
				CLANG_WARN_UNREACHABLE_CODE = YES;
				CLANG_WARN__DUPLICATE_METHOD_MATCH = YES;
				"CODE_SIGN_IDENTITY[sdk=iphoneos*]" = "iPhone Developer";
				COPY_PHASE_STRIP = NO;
				DEBUG_INFORMATION_FORMAT = dwarf;
				ENABLE_STRICT_OBJC_MSGSEND = YES;
				ENABLE_TESTABILITY = YES;
				GCC_C_LANGUAGE_STANDARD = gnu99;
				GCC_DYNAMIC_NO_PIC = NO;
				GCC_NO_COMMON_BLOCKS = YES;
				GCC_OPTIMIZATION_LEVEL = 0;
				GCC_PREPROCESSOR_DEFINITIONS = (
					"DEBUG=1",
					"$(inherited)",
				);
				GCC_WARN_64_TO_32_BIT_CONVERSION = YES;
				GCC_WARN_ABOUT_RETURN_TYPE = YES_ERROR;
				GCC_WARN_UNDECLARED_SELECTOR = YES;
				GCC_WARN_UNINITIALIZED_AUTOS = YES_AGGRESSIVE;
				GCC_WARN_UNUSED_FUNCTION = YES;
				GCC_WARN_UNUSED_VARIABLE = YES;
				IPHONEOS_DEPLOYMENT_TARGET = 10.3;
				MTL_ENABLE_DEBUG_INFO = YES;
				ONLY_ACTIVE_ARCH = YES;
				SDKROOT = iphoneos;
				SWIFT_ACTIVE_COMPILATION_CONDITIONS = DEBUG;
				SWIFT_OPTIMIZATION_LEVEL = "-Onone";
			};
			name = Debug;
		};
		59AE15DB1EAB4D6300E67378 /* Release */ = {
			isa = XCBuildConfiguration;
			buildSettings = {
				ALWAYS_SEARCH_USER_PATHS = NO;
				CLANG_ANALYZER_NONNULL = YES;
				CLANG_ANALYZER_NUMBER_OBJECT_CONVERSION = YES_AGGRESSIVE;
				CLANG_CXX_LANGUAGE_STANDARD = "gnu++0x";
				CLANG_CXX_LIBRARY = "libc++";
				CLANG_ENABLE_MODULES = YES;
				CLANG_ENABLE_OBJC_ARC = YES;
				CLANG_WARN_BOOL_CONVERSION = YES;
				CLANG_WARN_CONSTANT_CONVERSION = YES;
				CLANG_WARN_DIRECT_OBJC_ISA_USAGE = YES_ERROR;
				CLANG_WARN_DOCUMENTATION_COMMENTS = YES;
				CLANG_WARN_EMPTY_BODY = YES;
				CLANG_WARN_ENUM_CONVERSION = YES;
				CLANG_WARN_INFINITE_RECURSION = YES;
				CLANG_WARN_INT_CONVERSION = YES;
				CLANG_WARN_OBJC_ROOT_CLASS = YES_ERROR;
				CLANG_WARN_SUSPICIOUS_MOVE = YES;
				CLANG_WARN_UNREACHABLE_CODE = YES;
				CLANG_WARN__DUPLICATE_METHOD_MATCH = YES;
				"CODE_SIGN_IDENTITY[sdk=iphoneos*]" = "iPhone Developer";
				COPY_PHASE_STRIP = NO;
				DEBUG_INFORMATION_FORMAT = "dwarf-with-dsym";
				ENABLE_NS_ASSERTIONS = NO;
				ENABLE_STRICT_OBJC_MSGSEND = YES;
				GCC_C_LANGUAGE_STANDARD = gnu99;
				GCC_NO_COMMON_BLOCKS = YES;
				GCC_WARN_64_TO_32_BIT_CONVERSION = YES;
				GCC_WARN_ABOUT_RETURN_TYPE = YES_ERROR;
				GCC_WARN_UNDECLARED_SELECTOR = YES;
				GCC_WARN_UNINITIALIZED_AUTOS = YES_AGGRESSIVE;
				GCC_WARN_UNUSED_FUNCTION = YES;
				GCC_WARN_UNUSED_VARIABLE = YES;
				IPHONEOS_DEPLOYMENT_TARGET = 10.3;
				MTL_ENABLE_DEBUG_INFO = NO;
				SDKROOT = iphoneos;
				SWIFT_OPTIMIZATION_LEVEL = "-Owholemodule";
				VALIDATE_PRODUCT = YES;
			};
			name = Release;
		};
		59AE15DD1EAB4D6300E67378 /* Debug */ = {
			isa = XCBuildConfiguration;
			buildSettings = {
				ASSETCATALOG_COMPILER_APPICON_NAME = AppIcon;
				DEVELOPMENT_TEAM = 72UU55A8N3;
				INFOPLIST_FILE = KatsuzetsuChecker/Info.plist;
				IPHONEOS_DEPLOYMENT_TARGET = 10.3;
				LD_RUNPATH_SEARCH_PATHS = "$(inherited) @executable_path/Frameworks";
				PRODUCT_BUNDLE_IDENTIFIER = "Erika-Maemoto.KatsuzetsuChecker";
				PRODUCT_NAME = "$(TARGET_NAME)";
				SWIFT_VERSION = 3.0;
			};
			name = Debug;
		};
		59AE15DE1EAB4D6300E67378 /* Release */ = {
			isa = XCBuildConfiguration;
			buildSettings = {
				ASSETCATALOG_COMPILER_APPICON_NAME = AppIcon;
				DEVELOPMENT_TEAM = 72UU55A8N3;
				INFOPLIST_FILE = KatsuzetsuChecker/Info.plist;
				IPHONEOS_DEPLOYMENT_TARGET = 10.3;
				LD_RUNPATH_SEARCH_PATHS = "$(inherited) @executable_path/Frameworks";
				PRODUCT_BUNDLE_IDENTIFIER = "Erika-Maemoto.KatsuzetsuChecker";
				PRODUCT_NAME = "$(TARGET_NAME)";
				SWIFT_VERSION = 3.0;
			};
			name = Release;
		};
/* End XCBuildConfiguration section */

/* Begin XCConfigurationList section */
		59AE15C51EAB4D6300E67378 /* Build configuration list for PBXProject "KatsuzetsuChecker" */ = {
			isa = XCConfigurationList;
			buildConfigurations = (
				59AE15DA1EAB4D6300E67378 /* Debug */,
				59AE15DB1EAB4D6300E67378 /* Release */,
			);
			defaultConfigurationIsVisible = 0;
			defaultConfigurationName = Release;
		};
		59AE15DC1EAB4D6300E67378 /* Build configuration list for PBXNativeTarget "KatsuzetsuChecker" */ = {
			isa = XCConfigurationList;
			buildConfigurations = (
				59AE15DD1EAB4D6300E67378 /* Debug */,
				59AE15DE1EAB4D6300E67378 /* Release */,
			);
			defaultConfigurationIsVisible = 0;
			defaultConfigurationName = Release;
		};
/* End XCConfigurationList section */
	};
	rootObject = 59AE15C21EAB4D6300E67378 /* Project object */;
}
